// !$*UTF8*$!
{
	archiveVersion = 1;
	classes = {
	};
	objectVersion = 46;
	objects = {

/* Begin PBXBuildFile section */
		3E6B8B451BE7866100CCEFD9 /* Aboutusmain.swift in Sources */ = {isa = PBXBuildFile; fileRef = 3E6B8B431BE7866100CCEFD9 /* Aboutusmain.swift */; settings = {ASSET_TAGS = (); }; };
		3E6B8B461BE7866100CCEFD9 /* Aboutusdetail.swift in Sources */ = {isa = PBXBuildFile; fileRef = 3E6B8B441BE7866100CCEFD9 /* Aboutusdetail.swift */; settings = {ASSET_TAGS = (); }; };
		CB2E84C01BC52D23005ACED0 /* CarDetailTableViewController.swift in Sources */ = {isa = PBXBuildFile; fileRef = CB2E84BF1BC52D23005ACED0 /* CarDetailTableViewController.swift */; settings = {ASSET_TAGS = (); }; };
		CB74F0F81BBACB9600D84E1D /* Main.storyboard in Resources */ = {isa = PBXBuildFile; fileRef = CB74F0F61BBACB9600D84E1D /* Main.storyboard */; };
		CB74F0FD1BBACB9600D84E1D /* LaunchScreen.storyboard in Resources */ = {isa = PBXBuildFile; fileRef = CB74F0FB1BBACB9600D84E1D /* LaunchScreen.storyboard */; };
		CB75E77C1BC4C4340072EE9F /* CarsCollectionViewCell.swift in Sources */ = {isa = PBXBuildFile; fileRef = CB75E77B1BC4C4340072EE9F /* CarsCollectionViewCell.swift */; settings = {ASSET_TAGS = (); }; };
		CBB28A991BC6A70400FF9D42 /* CarOfBrandTableViewCell.swift in Sources */ = {isa = PBXBuildFile; fileRef = CBB28A981BC6A70400FF9D42 /* CarOfBrandTableViewCell.swift */; settings = {ASSET_TAGS = (); }; };
		CBBA9EC81BC518BC00C46105 /* CarsOfBrandViewController.swift in Sources */ = {isa = PBXBuildFile; fileRef = CBBA9EC71BC518BC00C46105 /* CarsOfBrandViewController.swift */; settings = {ASSET_TAGS = (); }; };
		CBBB8A7D1BC7A87A005DC56D /* CarParameterTableViewController.swift in Sources */ = {isa = PBXBuildFile; fileRef = CBBB8A7C1BC7A87A005DC56D /* CarParameterTableViewController.swift */; settings = {ASSET_TAGS = (); }; };
		CBBB8A831BC7BBA7005DC56D /* MoreImageViewController.swift in Sources */ = {isa = PBXBuildFile; fileRef = CBBB8A821BC7BBA7005DC56D /* MoreImageViewController.swift */; settings = {ASSET_TAGS = (); }; };
		CBBB8A851BC7BBFD005DC56D /* MoreImageCollectionViewCell.swift in Sources */ = {isa = PBXBuildFile; fileRef = CBBB8A841BC7BBFD005DC56D /* MoreImageCollectionViewCell.swift */; settings = {ASSET_TAGS = (); }; };
		CBBB8A871BC7CC60005DC56D /* TestDriveViewController.swift in Sources */ = {isa = PBXBuildFile; fileRef = CBBB8A861BC7CC60005DC56D /* TestDriveViewController.swift */; settings = {ASSET_TAGS = (); }; };
		CBDEED0C1BBAE7DB00F07FA9 /* AppDelegate.swift in Sources */ = {isa = PBXBuildFile; fileRef = CBDEED081BBAE7DB00F07FA9 /* AppDelegate.swift */; settings = {ASSET_TAGS = (); }; };
		CBDEED0D1BBAE7DB00F07FA9 /* Assets.xcassets in Resources */ = {isa = PBXBuildFile; fileRef = CBDEED091BBAE7DB00F07FA9 /* Assets.xcassets */; settings = {ASSET_TAGS = (); }; };
		CBDEED0F1BBAE7DB00F07FA9 /* ViewController.swift in Sources */ = {isa = PBXBuildFile; fileRef = CBDEED0B1BBAE7DB00F07FA9 /* ViewController.swift */; settings = {ASSET_TAGS = (); }; };
		CBDEED1E1BBAE92C00F07FA9 /* MyInfo.storyboard in Resources */ = {isa = PBXBuildFile; fileRef = CBDEED1D1BBAE92C00F07FA9 /* MyInfo.storyboard */; settings = {ASSET_TAGS = (); }; };
		CBDEED201BBAE94800F07FA9 /* AboutUs.storyboard in Resources */ = {isa = PBXBuildFile; fileRef = CBDEED1F1BBAE94800F07FA9 /* AboutUs.storyboard */; settings = {ASSET_TAGS = (); }; };
		CBDEED221BBAEA3500F07FA9 /* News.storyboard in Resources */ = {isa = PBXBuildFile; fileRef = CBDEED211BBAEA3500F07FA9 /* News.storyboard */; settings = {ASSET_TAGS = (); }; };
		CBDEED291BBAEC4900F07FA9 /* ShowCars.storyboard in Resources */ = {isa = PBXBuildFile; fileRef = CBDEED281BBAEC4900F07FA9 /* ShowCars.storyboard */; settings = {ASSET_TAGS = (); }; };
		CBDEED2B1BBAED5000F07FA9 /* ShowCarsViewController.swift in Sources */ = {isa = PBXBuildFile; fileRef = CBDEED2A1BBAED5000F07FA9 /* ShowCarsViewController.swift */; settings = {ASSET_TAGS = (); }; };
		CBDEED2D1BBAED5E00F07FA9 /* NewsViewController.swift in Sources */ = {isa = PBXBuildFile; fileRef = CBDEED2C1BBAED5E00F07FA9 /* NewsViewController.swift */; settings = {ASSET_TAGS = (); }; };
		CBDEED2F1BBAED6A00F07FA9 /* MyInfoViewController.swift in Sources */ = {isa = PBXBuildFile; fileRef = CBDEED2E1BBAED6A00F07FA9 /* MyInfoViewController.swift */; settings = {ASSET_TAGS = (); }; };
		CBDEED3A1BBAEFA900F07FA9 /* CarSimpleInfo.swift in Sources */ = {isa = PBXBuildFile; fileRef = CBDEED391BBAEFA900F07FA9 /* CarSimpleInfo.swift */; settings = {ASSET_TAGS = (); }; };
		CBE1E3201BC41D5B0098E9EF /* MJRefreshAutoFooter.m in Sources */ = {isa = PBXBuildFile; fileRef = CBE1E2F61BC41D5B0098E9EF /* MJRefreshAutoFooter.m */; settings = {ASSET_TAGS = (); }; };
		CBE1E3211BC41D5B0098E9EF /* MJRefreshBackFooter.m in Sources */ = {isa = PBXBuildFile; fileRef = CBE1E2F81BC41D5B0098E9EF /* MJRefreshBackFooter.m */; settings = {ASSET_TAGS = (); }; };
		CBE1E3221BC41D5B0098E9EF /* MJRefreshComponent.m in Sources */ = {isa = PBXBuildFile; fileRef = CBE1E2FA1BC41D5B0098E9EF /* MJRefreshComponent.m */; settings = {ASSET_TAGS = (); }; };
		CBE1E3231BC41D5B0098E9EF /* MJRefreshFooter.m in Sources */ = {isa = PBXBuildFile; fileRef = CBE1E2FC1BC41D5B0098E9EF /* MJRefreshFooter.m */; settings = {ASSET_TAGS = (); }; };
		CBE1E3241BC41D5B0098E9EF /* MJRefreshHeader.m in Sources */ = {isa = PBXBuildFile; fileRef = CBE1E2FE1BC41D5B0098E9EF /* MJRefreshHeader.m */; settings = {ASSET_TAGS = (); }; };
		CBE1E3251BC41D5B0098E9EF /* MJRefreshAutoGifFooter.m in Sources */ = {isa = PBXBuildFile; fileRef = CBE1E3031BC41D5B0098E9EF /* MJRefreshAutoGifFooter.m */; settings = {ASSET_TAGS = (); }; };
		CBE1E3261BC41D5B0098E9EF /* MJRefreshAutoNormalFooter.m in Sources */ = {isa = PBXBuildFile; fileRef = CBE1E3051BC41D5B0098E9EF /* MJRefreshAutoNormalFooter.m */; settings = {ASSET_TAGS = (); }; };
		CBE1E3271BC41D5B0098E9EF /* MJRefreshAutoStateFooter.m in Sources */ = {isa = PBXBuildFile; fileRef = CBE1E3071BC41D5B0098E9EF /* MJRefreshAutoStateFooter.m */; settings = {ASSET_TAGS = (); }; };
		CBE1E3281BC41D5B0098E9EF /* MJRefreshBackGifFooter.m in Sources */ = {isa = PBXBuildFile; fileRef = CBE1E30A1BC41D5B0098E9EF /* MJRefreshBackGifFooter.m */; settings = {ASSET_TAGS = (); }; };
		CBE1E3291BC41D5B0098E9EF /* MJRefreshBackNormalFooter.m in Sources */ = {isa = PBXBuildFile; fileRef = CBE1E30C1BC41D5B0098E9EF /* MJRefreshBackNormalFooter.m */; settings = {ASSET_TAGS = (); }; };
		CBE1E32A1BC41D5B0098E9EF /* MJRefreshBackStateFooter.m in Sources */ = {isa = PBXBuildFile; fileRef = CBE1E30E1BC41D5B0098E9EF /* MJRefreshBackStateFooter.m */; settings = {ASSET_TAGS = (); }; };
		CBE1E32B1BC41D5B0098E9EF /* MJRefreshGifHeader.m in Sources */ = {isa = PBXBuildFile; fileRef = CBE1E3111BC41D5B0098E9EF /* MJRefreshGifHeader.m */; settings = {ASSET_TAGS = (); }; };
		CBE1E32C1BC41D5B0098E9EF /* MJRefreshNormalHeader.m in Sources */ = {isa = PBXBuildFile; fileRef = CBE1E3131BC41D5B0098E9EF /* MJRefreshNormalHeader.m */; settings = {ASSET_TAGS = (); }; };
		CBE1E32D1BC41D5B0098E9EF /* MJRefreshStateHeader.m in Sources */ = {isa = PBXBuildFile; fileRef = CBE1E3151BC41D5B0098E9EF /* MJRefreshStateHeader.m */; settings = {ASSET_TAGS = (); }; };
		CBE1E32E1BC41D5B0098E9EF /* MJRefresh.bundle in Resources */ = {isa = PBXBuildFile; fileRef = CBE1E3161BC41D5B0098E9EF /* MJRefresh.bundle */; settings = {ASSET_TAGS = (); }; };
		CBE1E32F1BC41D5B0098E9EF /* MJRefreshConst.m in Sources */ = {isa = PBXBuildFile; fileRef = CBE1E3191BC41D5B0098E9EF /* MJRefreshConst.m */; settings = {ASSET_TAGS = (); }; };
		CBE1E3301BC41D5B0098E9EF /* UIScrollView+MJExtension.m in Sources */ = {isa = PBXBuildFile; fileRef = CBE1E31B1BC41D5B0098E9EF /* UIScrollView+MJExtension.m */; settings = {ASSET_TAGS = (); }; };
		CBE1E3311BC41D5B0098E9EF /* UIScrollView+MJRefresh.m in Sources */ = {isa = PBXBuildFile; fileRef = CBE1E31D1BC41D5B0098E9EF /* UIScrollView+MJRefresh.m */; settings = {ASSET_TAGS = (); }; };
		CBE1E3321BC41D5B0098E9EF /* UIView+MJExtension.m in Sources */ = {isa = PBXBuildFile; fileRef = CBE1E31F1BC41D5B0098E9EF /* UIView+MJExtension.m */; settings = {ASSET_TAGS = (); }; };
		CBE1E33A1BC41D610098E9EF /* Info.plist in Resources */ = {isa = PBXBuildFile; fileRef = CBE1E3341BC41D610098E9EF /* Info.plist */; settings = {ASSET_TAGS = (); }; };
		CBE1E33B1BC41D610098E9EF /* Menu.swift in Sources */ = {isa = PBXBuildFile; fileRef = CBE1E3351BC41D610098E9EF /* Menu.swift */; settings = {ASSET_TAGS = (); }; };
		CBE1E33C1BC41D610098E9EF /* MenuItemsAnimator.swift in Sources */ = {isa = PBXBuildFile; fileRef = CBE1E3361BC41D610098E9EF /* MenuItemsAnimator.swift */; settings = {ASSET_TAGS = (); }; };
		CBE1E33D1BC41D610098E9EF /* MenuSegue.swift in Sources */ = {isa = PBXBuildFile; fileRef = CBE1E3371BC41D610098E9EF /* MenuSegue.swift */; settings = {ASSET_TAGS = (); }; };
		CBE1E33E1BC41D610098E9EF /* MenuTransitionAnimator.swift in Sources */ = {isa = PBXBuildFile; fileRef = CBE1E3381BC41D610098E9EF /* MenuTransitionAnimator.swift */; settings = {ASSET_TAGS = (); }; };
		CBE1E3401BC423AF0098E9EF /* BrandSimpleInfoTableViewCell.swift in Sources */ = {isa = PBXBuildFile; fileRef = CBE1E33F1BC423AF0098E9EF /* BrandSimpleInfoTableViewCell.swift */; settings = {ASSET_TAGS = (); }; };
		CBE1E3481BC4371A0098E9EF /* test.jpg in Resources */ = {isa = PBXBuildFile; fileRef = CBE1E3471BC4371A0098E9EF /* test.jpg */; settings = {ASSET_TAGS = (); }; };
/* End PBXBuildFile section */

/* Begin PBXFileReference section */
		3E6B8B431BE7866100CCEFD9 /* Aboutusmain.swift */ = {isa = PBXFileReference; fileEncoding = 4; lastKnownFileType = sourcecode.swift; path = Aboutusmain.swift; sourceTree = "<group>"; };
		3E6B8B441BE7866100CCEFD9 /* Aboutusdetail.swift */ = {isa = PBXFileReference; fileEncoding = 4; lastKnownFileType = sourcecode.swift; path = Aboutusdetail.swift; sourceTree = "<group>"; };
		CB2E84BF1BC52D23005ACED0 /* CarDetailTableViewController.swift */ = {isa = PBXFileReference; fileEncoding = 4; lastKnownFileType = sourcecode.swift; path = CarDetailTableViewController.swift; sourceTree = "<group>"; };
		CB74F0EF1BBACB9600D84E1D /* 全球平行进口.app */ = {isa = PBXFileReference; explicitFileType = wrapper.application; includeInIndex = 0; path = "全球平行进口.app"; sourceTree = BUILT_PRODUCTS_DIR; };
		CB74F0F71BBACB9600D84E1D /* Base */ = {isa = PBXFileReference; lastKnownFileType = file.storyboard; name = Base; path = Base.lproj/Main.storyboard; sourceTree = "<group>"; };
		CB74F0FC1BBACB9600D84E1D /* Base */ = {isa = PBXFileReference; lastKnownFileType = file.storyboard; name = Base; path = Base.lproj/LaunchScreen.storyboard; sourceTree = "<group>"; };
		CB75E77B1BC4C4340072EE9F /* CarsCollectionViewCell.swift */ = {isa = PBXFileReference; fileEncoding = 4; lastKnownFileType = sourcecode.swift; path = CarsCollectionViewCell.swift; sourceTree = "<group>"; };
		CBB28A981BC6A70400FF9D42 /* CarOfBrandTableViewCell.swift */ = {isa = PBXFileReference; fileEncoding = 4; lastKnownFileType = sourcecode.swift; path = CarOfBrandTableViewCell.swift; sourceTree = "<group>"; };
		CBBA9EC71BC518BC00C46105 /* CarsOfBrandViewController.swift */ = {isa = PBXFileReference; fileEncoding = 4; lastKnownFileType = sourcecode.swift; path = CarsOfBrandViewController.swift; sourceTree = "<group>"; };
		CBBB8A7C1BC7A87A005DC56D /* CarParameterTableViewController.swift */ = {isa = PBXFileReference; fileEncoding = 4; lastKnownFileType = sourcecode.swift; path = CarParameterTableViewController.swift; sourceTree = "<group>"; };
		CBBB8A821BC7BBA7005DC56D /* MoreImageViewController.swift */ = {isa = PBXFileReference; fileEncoding = 4; lastKnownFileType = sourcecode.swift; path = MoreImageViewController.swift; sourceTree = "<group>"; };
		CBBB8A841BC7BBFD005DC56D /* MoreImageCollectionViewCell.swift */ = {isa = PBXFileReference; fileEncoding = 4; lastKnownFileType = sourcecode.swift; path = MoreImageCollectionViewCell.swift; sourceTree = "<group>"; };
		CBBB8A861BC7CC60005DC56D /* TestDriveViewController.swift */ = {isa = PBXFileReference; fileEncoding = 4; lastKnownFileType = sourcecode.swift; path = TestDriveViewController.swift; sourceTree = "<group>"; };
		CBDEED081BBAE7DB00F07FA9 /* AppDelegate.swift */ = {isa = PBXFileReference; fileEncoding = 4; lastKnownFileType = sourcecode.swift; path = AppDelegate.swift; sourceTree = "<group>"; };
		CBDEED091BBAE7DB00F07FA9 /* Assets.xcassets */ = {isa = PBXFileReference; lastKnownFileType = folder.assetcatalog; path = Assets.xcassets; sourceTree = "<group>"; };
		CBDEED0B1BBAE7DB00F07FA9 /* ViewController.swift */ = {isa = PBXFileReference; fileEncoding = 4; lastKnownFileType = sourcecode.swift; path = ViewController.swift; sourceTree = "<group>"; };
		CBDEED1D1BBAE92C00F07FA9 /* MyInfo.storyboard */ = {isa = PBXFileReference; fileEncoding = 4; lastKnownFileType = file.storyboard; path = MyInfo.storyboard; sourceTree = "<group>"; };
		CBDEED1F1BBAE94800F07FA9 /* AboutUs.storyboard */ = {isa = PBXFileReference; fileEncoding = 4; lastKnownFileType = file.storyboard; path = AboutUs.storyboard; sourceTree = "<group>"; };
		CBDEED211BBAEA3500F07FA9 /* News.storyboard */ = {isa = PBXFileReference; fileEncoding = 4; lastKnownFileType = file.storyboard; path = News.storyboard; sourceTree = "<group>"; };
		CBDEED281BBAEC4900F07FA9 /* ShowCars.storyboard */ = {isa = PBXFileReference; fileEncoding = 4; lastKnownFileType = file.storyboard; path = ShowCars.storyboard; sourceTree = "<group>"; };
		CBDEED2A1BBAED5000F07FA9 /* ShowCarsViewController.swift */ = {isa = PBXFileReference; fileEncoding = 4; lastKnownFileType = sourcecode.swift; path = ShowCarsViewController.swift; sourceTree = "<group>"; };
		CBDEED2C1BBAED5E00F07FA9 /* NewsViewController.swift */ = {isa = PBXFileReference; fileEncoding = 4; lastKnownFileType = sourcecode.swift; path = NewsViewController.swift; sourceTree = "<group>"; };
		CBDEED2E1BBAED6A00F07FA9 /* MyInfoViewController.swift */ = {isa = PBXFileReference; fileEncoding = 4; lastKnownFileType = sourcecode.swift; path = MyInfoViewController.swift; sourceTree = "<group>"; };
		CBDEED391BBAEFA900F07FA9 /* CarSimpleInfo.swift */ = {isa = PBXFileReference; fileEncoding = 4; lastKnownFileType = sourcecode.swift; path = CarSimpleInfo.swift; sourceTree = "<group>"; };
		CBE1E2B21BC41A830098E9EF /* Bridging-Header.h */ = {isa = PBXFileReference; fileEncoding = 4; lastKnownFileType = sourcecode.c.h; name = "Bridging-Header.h"; path = "第三方库/Bridging-Header.h"; sourceTree = "<group>"; };
		CBE1E2F51BC41D5B0098E9EF /* MJRefreshAutoFooter.h */ = {isa = PBXFileReference; fileEncoding = 4; lastKnownFileType = sourcecode.c.h; path = MJRefreshAutoFooter.h; sourceTree = "<group>"; };
		CBE1E2F61BC41D5B0098E9EF /* MJRefreshAutoFooter.m */ = {isa = PBXFileReference; fileEncoding = 4; lastKnownFileType = sourcecode.c.objc; path = MJRefreshAutoFooter.m; sourceTree = "<group>"; };
		CBE1E2F71BC41D5B0098E9EF /* MJRefreshBackFooter.h */ = {isa = PBXFileReference; fileEncoding = 4; lastKnownFileType = sourcecode.c.h; path = MJRefreshBackFooter.h; sourceTree = "<group>"; };
		CBE1E2F81BC41D5B0098E9EF /* MJRefreshBackFooter.m */ = {isa = PBXFileReference; fileEncoding = 4; lastKnownFileType = sourcecode.c.objc; path = MJRefreshBackFooter.m; sourceTree = "<group>"; };
		CBE1E2F91BC41D5B0098E9EF /* MJRefreshComponent.h */ = {isa = PBXFileReference; fileEncoding = 4; lastKnownFileType = sourcecode.c.h; path = MJRefreshComponent.h; sourceTree = "<group>"; };
		CBE1E2FA1BC41D5B0098E9EF /* MJRefreshComponent.m */ = {isa = PBXFileReference; fileEncoding = 4; lastKnownFileType = sourcecode.c.objc; path = MJRefreshComponent.m; sourceTree = "<group>"; };
		CBE1E2FB1BC41D5B0098E9EF /* MJRefreshFooter.h */ = {isa = PBXFileReference; fileEncoding = 4; lastKnownFileType = sourcecode.c.h; path = MJRefreshFooter.h; sourceTree = "<group>"; };
		CBE1E2FC1BC41D5B0098E9EF /* MJRefreshFooter.m */ = {isa = PBXFileReference; fileEncoding = 4; lastKnownFileType = sourcecode.c.objc; path = MJRefreshFooter.m; sourceTree = "<group>"; };
		CBE1E2FD1BC41D5B0098E9EF /* MJRefreshHeader.h */ = {isa = PBXFileReference; fileEncoding = 4; lastKnownFileType = sourcecode.c.h; path = MJRefreshHeader.h; sourceTree = "<group>"; };
		CBE1E2FE1BC41D5B0098E9EF /* MJRefreshHeader.m */ = {isa = PBXFileReference; fileEncoding = 4; lastKnownFileType = sourcecode.c.objc; path = MJRefreshHeader.m; sourceTree = "<group>"; };
		CBE1E3021BC41D5B0098E9EF /* MJRefreshAutoGifFooter.h */ = {isa = PBXFileReference; fileEncoding = 4; lastKnownFileType = sourcecode.c.h; path = MJRefreshAutoGifFooter.h; sourceTree = "<group>"; };
		CBE1E3031BC41D5B0098E9EF /* MJRefreshAutoGifFooter.m */ = {isa = PBXFileReference; fileEncoding = 4; lastKnownFileType = sourcecode.c.objc; path = MJRefreshAutoGifFooter.m; sourceTree = "<group>"; };
		CBE1E3041BC41D5B0098E9EF /* MJRefreshAutoNormalFooter.h */ = {isa = PBXFileReference; fileEncoding = 4; lastKnownFileType = sourcecode.c.h; path = MJRefreshAutoNormalFooter.h; sourceTree = "<group>"; };
		CBE1E3051BC41D5B0098E9EF /* MJRefreshAutoNormalFooter.m */ = {isa = PBXFileReference; fileEncoding = 4; lastKnownFileType = sourcecode.c.objc; path = MJRefreshAutoNormalFooter.m; sourceTree = "<group>"; };
		CBE1E3061BC41D5B0098E9EF /* MJRefreshAutoStateFooter.h */ = {isa = PBXFileReference; fileEncoding = 4; lastKnownFileType = sourcecode.c.h; path = MJRefreshAutoStateFooter.h; sourceTree = "<group>"; };
		CBE1E3071BC41D5B0098E9EF /* MJRefreshAutoStateFooter.m */ = {isa = PBXFileReference; fileEncoding = 4; lastKnownFileType = sourcecode.c.objc; path = MJRefreshAutoStateFooter.m; sourceTree = "<group>"; };
		CBE1E3091BC41D5B0098E9EF /* MJRefreshBackGifFooter.h */ = {isa = PBXFileReference; fileEncoding = 4; lastKnownFileType = sourcecode.c.h; path = MJRefreshBackGifFooter.h; sourceTree = "<group>"; };
		CBE1E30A1BC41D5B0098E9EF /* MJRefreshBackGifFooter.m */ = {isa = PBXFileReference; fileEncoding = 4; lastKnownFileType = sourcecode.c.objc; path = MJRefreshBackGifFooter.m; sourceTree = "<group>"; };
		CBE1E30B1BC41D5B0098E9EF /* MJRefreshBackNormalFooter.h */ = {isa = PBXFileReference; fileEncoding = 4; lastKnownFileType = sourcecode.c.h; path = MJRefreshBackNormalFooter.h; sourceTree = "<group>"; };
		CBE1E30C1BC41D5B0098E9EF /* MJRefreshBackNormalFooter.m */ = {isa = PBXFileReference; fileEncoding = 4; lastKnownFileType = sourcecode.c.objc; path = MJRefreshBackNormalFooter.m; sourceTree = "<group>"; };
		CBE1E30D1BC41D5B0098E9EF /* MJRefreshBackStateFooter.h */ = {isa = PBXFileReference; fileEncoding = 4; lastKnownFileType = sourcecode.c.h; path = MJRefreshBackStateFooter.h; sourceTree = "<group>"; };
		CBE1E30E1BC41D5B0098E9EF /* MJRefreshBackStateFooter.m */ = {isa = PBXFileReference; fileEncoding = 4; lastKnownFileType = sourcecode.c.objc; path = MJRefreshBackStateFooter.m; sourceTree = "<group>"; };
		CBE1E3101BC41D5B0098E9EF /* MJRefreshGifHeader.h */ = {isa = PBXFileReference; fileEncoding = 4; lastKnownFileType = sourcecode.c.h; path = MJRefreshGifHeader.h; sourceTree = "<group>"; };
		CBE1E3111BC41D5B0098E9EF /* MJRefreshGifHeader.m */ = {isa = PBXFileReference; fileEncoding = 4; lastKnownFileType = sourcecode.c.objc; path = MJRefreshGifHeader.m; sourceTree = "<group>"; };
		CBE1E3121BC41D5B0098E9EF /* MJRefreshNormalHeader.h */ = {isa = PBXFileReference; fileEncoding = 4; lastKnownFileType = sourcecode.c.h; path = MJRefreshNormalHeader.h; sourceTree = "<group>"; };
		CBE1E3131BC41D5B0098E9EF /* MJRefreshNormalHeader.m */ = {isa = PBXFileReference; fileEncoding = 4; lastKnownFileType = sourcecode.c.objc; path = MJRefreshNormalHeader.m; sourceTree = "<group>"; };
		CBE1E3141BC41D5B0098E9EF /* MJRefreshStateHeader.h */ = {isa = PBXFileReference; fileEncoding = 4; lastKnownFileType = sourcecode.c.h; path = MJRefreshStateHeader.h; sourceTree = "<group>"; };
		CBE1E3151BC41D5B0098E9EF /* MJRefreshStateHeader.m */ = {isa = PBXFileReference; fileEncoding = 4; lastKnownFileType = sourcecode.c.objc; path = MJRefreshStateHeader.m; sourceTree = "<group>"; };
		CBE1E3161BC41D5B0098E9EF /* MJRefresh.bundle */ = {isa = PBXFileReference; lastKnownFileType = "wrapper.plug-in"; path = MJRefresh.bundle; sourceTree = "<group>"; };
		CBE1E3171BC41D5B0098E9EF /* MJRefresh.h */ = {isa = PBXFileReference; fileEncoding = 4; lastKnownFileType = sourcecode.c.h; path = MJRefresh.h; sourceTree = "<group>"; };
		CBE1E3181BC41D5B0098E9EF /* MJRefreshConst.h */ = {isa = PBXFileReference; fileEncoding = 4; lastKnownFileType = sourcecode.c.h; path = MJRefreshConst.h; sourceTree = "<group>"; };
		CBE1E3191BC41D5B0098E9EF /* MJRefreshConst.m */ = {isa = PBXFileReference; fileEncoding = 4; lastKnownFileType = sourcecode.c.objc; path = MJRefreshConst.m; sourceTree = "<group>"; };
		CBE1E31A1BC41D5B0098E9EF /* UIScrollView+MJExtension.h */ = {isa = PBXFileReference; fileEncoding = 4; lastKnownFileType = sourcecode.c.h; path = "UIScrollView+MJExtension.h"; sourceTree = "<group>"; };
		CBE1E31B1BC41D5B0098E9EF /* UIScrollView+MJExtension.m */ = {isa = PBXFileReference; fileEncoding = 4; lastKnownFileType = sourcecode.c.objc; path = "UIScrollView+MJExtension.m"; sourceTree = "<group>"; };
		CBE1E31C1BC41D5B0098E9EF /* UIScrollView+MJRefresh.h */ = {isa = PBXFileReference; fileEncoding = 4; lastKnownFileType = sourcecode.c.h; path = "UIScrollView+MJRefresh.h"; sourceTree = "<group>"; };
		CBE1E31D1BC41D5B0098E9EF /* UIScrollView+MJRefresh.m */ = {isa = PBXFileReference; fileEncoding = 4; lastKnownFileType = sourcecode.c.objc; path = "UIScrollView+MJRefresh.m"; sourceTree = "<group>"; };
		CBE1E31E1BC41D5B0098E9EF /* UIView+MJExtension.h */ = {isa = PBXFileReference; fileEncoding = 4; lastKnownFileType = sourcecode.c.h; path = "UIView+MJExtension.h"; sourceTree = "<group>"; };
		CBE1E31F1BC41D5B0098E9EF /* UIView+MJExtension.m */ = {isa = PBXFileReference; fileEncoding = 4; lastKnownFileType = sourcecode.c.objc; path = "UIView+MJExtension.m"; sourceTree = "<group>"; };
		CBE1E3341BC41D610098E9EF /* Info.plist */ = {isa = PBXFileReference; fileEncoding = 4; lastKnownFileType = text.plist.xml; path = Info.plist; sourceTree = "<group>"; };
		CBE1E3351BC41D610098E9EF /* Menu.swift */ = {isa = PBXFileReference; fileEncoding = 4; lastKnownFileType = sourcecode.swift; path = Menu.swift; sourceTree = "<group>"; };
		CBE1E3361BC41D610098E9EF /* MenuItemsAnimator.swift */ = {isa = PBXFileReference; fileEncoding = 4; lastKnownFileType = sourcecode.swift; path = MenuItemsAnimator.swift; sourceTree = "<group>"; };
		CBE1E3371BC41D610098E9EF /* MenuSegue.swift */ = {isa = PBXFileReference; fileEncoding = 4; lastKnownFileType = sourcecode.swift; path = MenuSegue.swift; sourceTree = "<group>"; };
		CBE1E3381BC41D610098E9EF /* MenuTransitionAnimator.swift */ = {isa = PBXFileReference; fileEncoding = 4; lastKnownFileType = sourcecode.swift; path = MenuTransitionAnimator.swift; sourceTree = "<group>"; };
		CBE1E3391BC41D610098E9EF /* SideMenu.h */ = {isa = PBXFileReference; fileEncoding = 4; lastKnownFileType = sourcecode.c.h; path = SideMenu.h; sourceTree = "<group>"; };
		CBE1E33F1BC423AF0098E9EF /* BrandSimpleInfoTableViewCell.swift */ = {isa = PBXFileReference; fileEncoding = 4; lastKnownFileType = sourcecode.swift; path = BrandSimpleInfoTableViewCell.swift; sourceTree = "<group>"; };
		CBE1E3471BC4371A0098E9EF /* test.jpg */ = {isa = PBXFileReference; lastKnownFileType = image.jpeg; path = test.jpg; sourceTree = "<group>"; };
/* End PBXFileReference section */

/* Begin PBXFrameworksBuildPhase section */
		CB74F0EC1BBACB9600D84E1D /* Frameworks */ = {
			isa = PBXFrameworksBuildPhase;
			buildActionMask = 2147483647;
			files = (
			);
			runOnlyForDeploymentPostprocessing = 0;
		};
/* End PBXFrameworksBuildPhase section */

/* Begin PBXGroup section */
		CB74F0E61BBACB9600D84E1D = {
			isa = PBXGroup;
			children = (
				CB74F0F11BBACB9600D84E1D /* 全球平行进口 */,
				CB74F0F01BBACB9600D84E1D /* Products */,
			);
			sourceTree = "<group>";
		};
		CB74F0F01BBACB9600D84E1D /* Products */ = {
			isa = PBXGroup;
			children = (
				CB74F0EF1BBACB9600D84E1D /* 全球平行进口.app */,
			);
			name = Products;
			sourceTree = "<group>";
		};
		CB74F0F11BBACB9600D84E1D /* 全球平行进口 */ = {
			isa = PBXGroup;
			children = (
				CBDEED321BBAED8900F07FA9 /* Common */,
				CBDEED271BBAEC4900F07FA9 /* 汽车展示 */,
				CBDEED171BBAE8D200F07FA9 /* 新闻活动 */,
				CBDEED161BBAE8D200F07FA9 /* 我的 */,
				CBDEED151BBAE8D200F07FA9 /* 关于我们 */,
			);
			path = "全球平行进口";
			sourceTree = "<group>";
		};
		CBBB8A7E1BC7A885005DC56D /* 一级页面 */ = {
			isa = PBXGroup;
			children = (
				CBDEED2A1BBAED5000F07FA9 /* ShowCarsViewController.swift */,
				CBE1E33F1BC423AF0098E9EF /* BrandSimpleInfoTableViewCell.swift */,
				CB75E77B1BC4C4340072EE9F /* CarsCollectionViewCell.swift */,
			);
			name = "一级页面";
			sourceTree = "<group>";
		};
		CBBB8A7F1BC7B928005DC56D /* 车型列表 */ = {
			isa = PBXGroup;
			children = (
				CB2E84BF1BC52D23005ACED0 /* CarDetailTableViewController.swift */,
				CBBB8A7C1BC7A87A005DC56D /* CarParameterTableViewController.swift */,
				CBBB8A821BC7BBA7005DC56D /* MoreImageViewController.swift */,
				CBBB8A841BC7BBFD005DC56D /* MoreImageCollectionViewCell.swift */,
				CBBB8A861BC7CC60005DC56D /* TestDriveViewController.swift */,
			);
			name = "车型列表";
			sourceTree = "<group>";
		};
		CBBB8A801BC7B94F005DC56D /* 汽车列表 */ = {
			isa = PBXGroup;
			children = (
				CBBA9EC71BC518BC00C46105 /* CarsOfBrandViewController.swift */,
				CBB28A981BC6A70400FF9D42 /* CarOfBrandTableViewCell.swift */,
			);
			name = "汽车列表";
			sourceTree = "<group>";
		};
		CBDEED151BBAE8D200F07FA9 /* 关于我们 */ = {
			isa = PBXGroup;
			children = (
				3E6B8B431BE7866100CCEFD9 /* Aboutusmain.swift */,
				3E6B8B441BE7866100CCEFD9 /* Aboutusdetail.swift */,
				CBDEED1F1BBAE94800F07FA9 /* AboutUs.storyboard */,
			);
			path = "关于我们";
			sourceTree = "<group>";
		};
		CBDEED161BBAE8D200F07FA9 /* 我的 */ = {
			isa = PBXGroup;
			children = (
				CBDEED1D1BBAE92C00F07FA9 /* MyInfo.storyboard */,
				CBDEED2E1BBAED6A00F07FA9 /* MyInfoViewController.swift */,
			);
			path = "我的";
			sourceTree = "<group>";
		};
		CBDEED171BBAE8D200F07FA9 /* 新闻活动 */ = {
			isa = PBXGroup;
			children = (
				CBDEED211BBAEA3500F07FA9 /* News.storyboard */,
				CBDEED2C1BBAED5E00F07FA9 /* NewsViewController.swift */,
			);
			path = "新闻活动";
			sourceTree = "<group>";
		};
		CBDEED271BBAEC4900F07FA9 /* 汽车展示 */ = {
			isa = PBXGroup;
			children = (
				CBDEED361BBAEEFE00F07FA9 /* Model */,
				CBDEED371BBAEF0F00F07FA9 /* View */,
				CBDEED381BBAEF1500F07FA9 /* Contoller */,
			);
			path = "汽车展示";
			sourceTree = "<group>";
		};
		CBDEED321BBAED8900F07FA9 /* Common */ = {
			isa = PBXGroup;
			children = (
				CBDEED081BBAE7DB00F07FA9 /* AppDelegate.swift */,
				CBDEED0B1BBAE7DB00F07FA9 /* ViewController.swift */,
				CB74F0F61BBACB9600D84E1D /* Main.storyboard */,
				CB74F0FB1BBACB9600D84E1D /* LaunchScreen.storyboard */,
				CBDEED091BBAE7DB00F07FA9 /* Assets.xcassets */,
				CBDEED351BBAEEDB00F07FA9 /* 第三方库 */,
			);
			name = Common;
			sourceTree = "<group>";
		};
		CBDEED351BBAEEDB00F07FA9 /* 第三方库 */ = {
			isa = PBXGroup;
			children = (
				CBE1E3331BC41D610098E9EF /* SideMenu */,
				CBE1E2F31BC41D5B0098E9EF /* MJRefresh */,
				CBE1E2B21BC41A830098E9EF /* Bridging-Header.h */,
			);
			name = "第三方库";
			sourceTree = "<group>";
		};
		CBDEED361BBAEEFE00F07FA9 /* Model */ = {
			isa = PBXGroup;
			children = (
				CBDEED391BBAEFA900F07FA9 /* CarSimpleInfo.swift */,
			);
			name = Model;
			sourceTree = "<group>";
		};
		CBDEED371BBAEF0F00F07FA9 /* View */ = {
			isa = PBXGroup;
			children = (
				CBDEED281BBAEC4900F07FA9 /* ShowCars.storyboard */,
			);
			name = View;
			sourceTree = "<group>";
		};
		CBDEED381BBAEF1500F07FA9 /* Contoller */ = {
			isa = PBXGroup;
			children = (
				CBBB8A7E1BC7A885005DC56D /* 一级页面 */,
				CBBB8A7F1BC7B928005DC56D /* 车型列表 */,
				CBBB8A801BC7B94F005DC56D /* 汽车列表 */,
				CBE1E3471BC4371A0098E9EF /* test.jpg */,
			);
			name = Contoller;
			sourceTree = "<group>";
		};
		CBE1E2F31BC41D5B0098E9EF /* MJRefresh */ = {
			isa = PBXGroup;
			children = (
				CBE1E2F41BC41D5B0098E9EF /* Base */,
				CBE1E2FF1BC41D5B0098E9EF /* Custom */,
				CBE1E3161BC41D5B0098E9EF /* MJRefresh.bundle */,
				CBE1E3171BC41D5B0098E9EF /* MJRefresh.h */,
				CBE1E3181BC41D5B0098E9EF /* MJRefreshConst.h */,
				CBE1E3191BC41D5B0098E9EF /* MJRefreshConst.m */,
				CBE1E31A1BC41D5B0098E9EF /* UIScrollView+MJExtension.h */,
				CBE1E31B1BC41D5B0098E9EF /* UIScrollView+MJExtension.m */,
				CBE1E31C1BC41D5B0098E9EF /* UIScrollView+MJRefresh.h */,
				CBE1E31D1BC41D5B0098E9EF /* UIScrollView+MJRefresh.m */,
				CBE1E31E1BC41D5B0098E9EF /* UIView+MJExtension.h */,
				CBE1E31F1BC41D5B0098E9EF /* UIView+MJExtension.m */,
			);
			name = MJRefresh;
			path = "第三方库/MJRefresh";
			sourceTree = "<group>";
		};
		CBE1E2F41BC41D5B0098E9EF /* Base */ = {
			isa = PBXGroup;
			children = (
				CBE1E2F51BC41D5B0098E9EF /* MJRefreshAutoFooter.h */,
				CBE1E2F61BC41D5B0098E9EF /* MJRefreshAutoFooter.m */,
				CBE1E2F71BC41D5B0098E9EF /* MJRefreshBackFooter.h */,
				CBE1E2F81BC41D5B0098E9EF /* MJRefreshBackFooter.m */,
				CBE1E2F91BC41D5B0098E9EF /* MJRefreshComponent.h */,
				CBE1E2FA1BC41D5B0098E9EF /* MJRefreshComponent.m */,
				CBE1E2FB1BC41D5B0098E9EF /* MJRefreshFooter.h */,
				CBE1E2FC1BC41D5B0098E9EF /* MJRefreshFooter.m */,
				CBE1E2FD1BC41D5B0098E9EF /* MJRefreshHeader.h */,
				CBE1E2FE1BC41D5B0098E9EF /* MJRefreshHeader.m */,
			);
			path = Base;
			sourceTree = "<group>";
		};
		CBE1E2FF1BC41D5B0098E9EF /* Custom */ = {
			isa = PBXGroup;
			children = (
				CBE1E3001BC41D5B0098E9EF /* Footer */,
				CBE1E30F1BC41D5B0098E9EF /* Header */,
			);
			path = Custom;
			sourceTree = "<group>";
		};
		CBE1E3001BC41D5B0098E9EF /* Footer */ = {
			isa = PBXGroup;
			children = (
				CBE1E3011BC41D5B0098E9EF /* Auto */,
				CBE1E3081BC41D5B0098E9EF /* Back */,
			);
			path = Footer;
			sourceTree = "<group>";
		};
		CBE1E3011BC41D5B0098E9EF /* Auto */ = {
			isa = PBXGroup;
			children = (
				CBE1E3021BC41D5B0098E9EF /* MJRefreshAutoGifFooter.h */,
				CBE1E3031BC41D5B0098E9EF /* MJRefreshAutoGifFooter.m */,
				CBE1E3041BC41D5B0098E9EF /* MJRefreshAutoNormalFooter.h */,
				CBE1E3051BC41D5B0098E9EF /* MJRefreshAutoNormalFooter.m */,
				CBE1E3061BC41D5B0098E9EF /* MJRefreshAutoStateFooter.h */,
				CBE1E3071BC41D5B0098E9EF /* MJRefreshAutoStateFooter.m */,
			);
			path = Auto;
			sourceTree = "<group>";
		};
		CBE1E3081BC41D5B0098E9EF /* Back */ = {
			isa = PBXGroup;
			children = (
				CBE1E3091BC41D5B0098E9EF /* MJRefreshBackGifFooter.h */,
				CBE1E30A1BC41D5B0098E9EF /* MJRefreshBackGifFooter.m */,
				CBE1E30B1BC41D5B0098E9EF /* MJRefreshBackNormalFooter.h */,
				CBE1E30C1BC41D5B0098E9EF /* MJRefreshBackNormalFooter.m */,
				CBE1E30D1BC41D5B0098E9EF /* MJRefreshBackStateFooter.h */,
				CBE1E30E1BC41D5B0098E9EF /* MJRefreshBackStateFooter.m */,
			);
			path = Back;
			sourceTree = "<group>";
		};
		CBE1E30F1BC41D5B0098E9EF /* Header */ = {
			isa = PBXGroup;
			children = (
				CBE1E3101BC41D5B0098E9EF /* MJRefreshGifHeader.h */,
				CBE1E3111BC41D5B0098E9EF /* MJRefreshGifHeader.m */,
				CBE1E3121BC41D5B0098E9EF /* MJRefreshNormalHeader.h */,
				CBE1E3131BC41D5B0098E9EF /* MJRefreshNormalHeader.m */,
				CBE1E3141BC41D5B0098E9EF /* MJRefreshStateHeader.h */,
				CBE1E3151BC41D5B0098E9EF /* MJRefreshStateHeader.m */,
			);
			path = Header;
			sourceTree = "<group>";
		};
		CBE1E3331BC41D610098E9EF /* SideMenu */ = {
			isa = PBXGroup;
			children = (
				CBE1E3341BC41D610098E9EF /* Info.plist */,
				CBE1E3351BC41D610098E9EF /* Menu.swift */,
				CBE1E3361BC41D610098E9EF /* MenuItemsAnimator.swift */,
				CBE1E3371BC41D610098E9EF /* MenuSegue.swift */,
				CBE1E3381BC41D610098E9EF /* MenuTransitionAnimator.swift */,
				CBE1E3391BC41D610098E9EF /* SideMenu.h */,
			);
			name = SideMenu;
			path = "第三方库/SideMenu";
			sourceTree = "<group>";
		};
/* End PBXGroup section */

/* Begin PBXNativeTarget section */
		CB74F0EE1BBACB9600D84E1D /* 全球平行进口 */ = {
			isa = PBXNativeTarget;
			buildConfigurationList = CB74F1011BBACB9600D84E1D /* Build configuration list for PBXNativeTarget "全球平行进口" */;
			buildPhases = (
				CB74F0EB1BBACB9600D84E1D /* Sources */,
				CB74F0EC1BBACB9600D84E1D /* Frameworks */,
				CB74F0ED1BBACB9600D84E1D /* Resources */,
			);
			buildRules = (
			);
			dependencies = (
			);
			name = "全球平行进口";
			productName = "全球平行进口";
			productReference = CB74F0EF1BBACB9600D84E1D /* 全球平行进口.app */;
			productType = "com.apple.product-type.application";
		};
/* End PBXNativeTarget section */

/* Begin PBXProject section */
		CB74F0E71BBACB9600D84E1D /* Project object */ = {
			isa = PBXProject;
			attributes = {
				LastUpgradeCheck = 0700;
				ORGANIZATIONNAME = 538_iOS_Team;
				TargetAttributes = {
					CB74F0EE1BBACB9600D84E1D = {
						CreatedOnToolsVersion = 7.0;
						DevelopmentTeam = 93UBSK8PYK;
					};
				};
			};
			buildConfigurationList = CB74F0EA1BBACB9600D84E1D /* Build configuration list for PBXProject "全球平行进口" */;
			compatibilityVersion = "Xcode 3.2";
			developmentRegion = English;
			hasScannedForEncodings = 0;
			knownRegions = (
				en,
				Base,
			);
			mainGroup = CB74F0E61BBACB9600D84E1D;
			productRefGroup = CB74F0F01BBACB9600D84E1D /* Products */;
			projectDirPath = "";
			projectRoot = "";
			targets = (
				CB74F0EE1BBACB9600D84E1D /* 全球平行进口 */,
			);
		};
/* End PBXProject section */

/* Begin PBXResourcesBuildPhase section */
		CB74F0ED1BBACB9600D84E1D /* Resources */ = {
			isa = PBXResourcesBuildPhase;
			buildActionMask = 2147483647;
			files = (
				CB74F0FD1BBACB9600D84E1D /* LaunchScreen.storyboard in Resources */,
				CBE1E3481BC4371A0098E9EF /* test.jpg in Resources */,
				CB74F0F81BBACB9600D84E1D /* Main.storyboard in Resources */,
				CBE1E33A1BC41D610098E9EF /* Info.plist in Resources */,
				CBDEED221BBAEA3500F07FA9 /* News.storyboard in Resources */,
				CBDEED291BBAEC4900F07FA9 /* ShowCars.storyboard in Resources */,
				CBDEED201BBAE94800F07FA9 /* AboutUs.storyboard in Resources */,
				CBDEED0D1BBAE7DB00F07FA9 /* Assets.xcassets in Resources */,
				CBE1E32E1BC41D5B0098E9EF /* MJRefresh.bundle in Resources */,
				CBDEED1E1BBAE92C00F07FA9 /* MyInfo.storyboard in Resources */,
			);
			runOnlyForDeploymentPostprocessing = 0;
		};
/* End PBXResourcesBuildPhase section */

/* Begin PBXSourcesBuildPhase section */
		CB74F0EB1BBACB9600D84E1D /* Sources */ = {
			isa = PBXSourcesBuildPhase;
			buildActionMask = 2147483647;
			files = (
				CBDEED0C1BBAE7DB00F07FA9 /* AppDelegate.swift in Sources */,
				CBE1E3281BC41D5B0098E9EF /* MJRefreshBackGifFooter.m in Sources */,
				CBE1E3251BC41D5B0098E9EF /* MJRefreshAutoGifFooter.m in Sources */,
				CBE1E32C1BC41D5B0098E9EF /* MJRefreshNormalHeader.m in Sources */,
				CBBB8A7D1BC7A87A005DC56D /* CarParameterTableViewController.swift in Sources */,
				CBBB8A831BC7BBA7005DC56D /* MoreImageViewController.swift in Sources */,
				CBDEED2B1BBAED5000F07FA9 /* ShowCarsViewController.swift in Sources */,
				CBE1E33B1BC41D610098E9EF /* Menu.swift in Sources */,
				CBE1E33D1BC41D610098E9EF /* MenuSegue.swift in Sources */,
				CBBB8A871BC7CC60005DC56D /* TestDriveViewController.swift in Sources */,
				CBE1E3271BC41D5B0098E9EF /* MJRefreshAutoStateFooter.m in Sources */,
				CBE1E32F1BC41D5B0098E9EF /* MJRefreshConst.m in Sources */,
				CBDEED2F1BBAED6A00F07FA9 /* MyInfoViewController.swift in Sources */,
				CBE1E3321BC41D5B0098E9EF /* UIView+MJExtension.m in Sources */,
				CBDEED0F1BBAE7DB00F07FA9 /* ViewController.swift in Sources */,
				CBE1E32B1BC41D5B0098E9EF /* MJRefreshGifHeader.m in Sources */,
				CBE1E3231BC41D5B0098E9EF /* MJRefreshFooter.m in Sources */,
				CBE1E3301BC41D5B0098E9EF /* UIScrollView+MJExtension.m in Sources */,
				CBE1E33E1BC41D610098E9EF /* MenuTransitionAnimator.swift in Sources */,
				CB75E77C1BC4C4340072EE9F /* CarsCollectionViewCell.swift in Sources */,
				CBE1E3311BC41D5B0098E9EF /* UIScrollView+MJRefresh.m in Sources */,
				3E6B8B451BE7866100CCEFD9 /* Aboutusmain.swift in Sources */,
				CBE1E32D1BC41D5B0098E9EF /* MJRefreshStateHeader.m in Sources */,
				CBDEED3A1BBAEFA900F07FA9 /* CarSimpleInfo.swift in Sources */,
				CBE1E3221BC41D5B0098E9EF /* MJRefreshComponent.m in Sources */,
				3E6B8B461BE7866100CCEFD9 /* Aboutusdetail.swift in Sources */,
				CBE1E32A1BC41D5B0098E9EF /* MJRefreshBackStateFooter.m in Sources */,
				CBE1E33C1BC41D610098E9EF /* MenuItemsAnimator.swift in Sources */,
				CBBA9EC81BC518BC00C46105 /* CarsOfBrandViewController.swift in Sources */,
				CBE1E3241BC41D5B0098E9EF /* MJRefreshHeader.m in Sources */,
				CB2E84C01BC52D23005ACED0 /* CarDetailTableViewController.swift in Sources */,
				CBE1E3261BC41D5B0098E9EF /* MJRefreshAutoNormalFooter.m in Sources */,
				CBBB8A851BC7BBFD005DC56D /* MoreImageCollectionViewCell.swift in Sources */,
				CBE1E3201BC41D5B0098E9EF /* MJRefreshAutoFooter.m in Sources */,
				CBE1E3291BC41D5B0098E9EF /* MJRefreshBackNormalFooter.m in Sources */,
				CBE1E3211BC41D5B0098E9EF /* MJRefreshBackFooter.m in Sources */,
				CBDEED2D1BBAED5E00F07FA9 /* NewsViewController.swift in Sources */,
				CBE1E3401BC423AF0098E9EF /* BrandSimpleInfoTableViewCell.swift in Sources */,
				CBB28A991BC6A70400FF9D42 /* CarOfBrandTableViewCell.swift in Sources */,
			);
			runOnlyForDeploymentPostprocessing = 0;
		};
/* End PBXSourcesBuildPhase section */

/* Begin PBXVariantGroup section */
		CB74F0F61BBACB9600D84E1D /* Main.storyboard */ = {
			isa = PBXVariantGroup;
			children = (
				CB74F0F71BBACB9600D84E1D /* Base */,
			);
			name = Main.storyboard;
			sourceTree = "<group>";
		};
		CB74F0FB1BBACB9600D84E1D /* LaunchScreen.storyboard */ = {
			isa = PBXVariantGroup;
			children = (
				CB74F0FC1BBACB9600D84E1D /* Base */,
			);
			name = LaunchScreen.storyboard;
			sourceTree = "<group>";
		};
/* End PBXVariantGroup section */

/* Begin XCBuildConfiguration section */
		CB74F0FF1BBACB9600D84E1D /* Debug */ = {
			isa = XCBuildConfiguration;
			buildSettings = {
				ALWAYS_SEARCH_USER_PATHS = NO;
				CLANG_CXX_LANGUAGE_STANDARD = "gnu++0x";
				CLANG_CXX_LIBRARY = "libc++";
				CLANG_ENABLE_MODULES = YES;
				CLANG_ENABLE_OBJC_ARC = YES;
				CLANG_WARN_BOOL_CONVERSION = YES;
				CLANG_WARN_CONSTANT_CONVERSION = YES;
				CLANG_WARN_DIRECT_OBJC_ISA_USAGE = YES_ERROR;
				CLANG_WARN_EMPTY_BODY = YES;
				CLANG_WARN_ENUM_CONVERSION = YES;
				CLANG_WARN_INT_CONVERSION = YES;
				CLANG_WARN_OBJC_ROOT_CLASS = YES_ERROR;
				CLANG_WARN_UNREACHABLE_CODE = YES;
				CLANG_WARN__DUPLICATE_METHOD_MATCH = YES;
				"CODE_SIGN_IDENTITY[sdk=iphoneos*]" = "iPhone Developer";
				COPY_PHASE_STRIP = NO;
				DEBUG_INFORMATION_FORMAT = dwarf;
				ENABLE_STRICT_OBJC_MSGSEND = YES;
				ENABLE_TESTABILITY = YES;
				GCC_C_LANGUAGE_STANDARD = gnu99;
				GCC_DYNAMIC_NO_PIC = NO;
				GCC_NO_COMMON_BLOCKS = YES;
				GCC_OPTIMIZATION_LEVEL = 0;
				GCC_PREPROCESSOR_DEFINITIONS = (
					"DEBUG=1",
					"$(inherited)",
				);
				GCC_WARN_64_TO_32_BIT_CONVERSION = YES;
				GCC_WARN_ABOUT_RETURN_TYPE = YES_ERROR;
				GCC_WARN_UNDECLARED_SELECTOR = YES;
				GCC_WARN_UNINITIALIZED_AUTOS = YES_AGGRESSIVE;
				GCC_WARN_UNUSED_FUNCTION = YES;
				GCC_WARN_UNUSED_VARIABLE = YES;
				IPHONEOS_DEPLOYMENT_TARGET = 9.0;
				MTL_ENABLE_DEBUG_INFO = YES;
				ONLY_ACTIVE_ARCH = YES;
				SDKROOT = iphoneos;
				SWIFT_OPTIMIZATION_LEVEL = "-Onone";
			};
			name = Debug;
		};
		CB74F1001BBACB9600D84E1D /* Release */ = {
			isa = XCBuildConfiguration;
			buildSettings = {
				ALWAYS_SEARCH_USER_PATHS = NO;
				CLANG_CXX_LANGUAGE_STANDARD = "gnu++0x";
				CLANG_CXX_LIBRARY = "libc++";
				CLANG_ENABLE_MODULES = YES;
				CLANG_ENABLE_OBJC_ARC = YES;
				CLANG_WARN_BOOL_CONVERSION = YES;
				CLANG_WARN_CONSTANT_CONVERSION = YES;
				CLANG_WARN_DIRECT_OBJC_ISA_USAGE = YES_ERROR;
				CLANG_WARN_EMPTY_BODY = YES;
				CLANG_WARN_ENUM_CONVERSION = YES;
				CLANG_WARN_INT_CONVERSION = YES;
				CLANG_WARN_OBJC_ROOT_CLASS = YES_ERROR;
				CLANG_WARN_UNREACHABLE_CODE = YES;
				CLANG_WARN__DUPLICATE_METHOD_MATCH = YES;
				"CODE_SIGN_IDENTITY[sdk=iphoneos*]" = "iPhone Developer";
				COPY_PHASE_STRIP = NO;
				DEBUG_INFORMATION_FORMAT = "dwarf-with-dsym";
				ENABLE_NS_ASSERTIONS = NO;
				ENABLE_STRICT_OBJC_MSGSEND = YES;
				GCC_C_LANGUAGE_STANDARD = gnu99;
				GCC_NO_COMMON_BLOCKS = YES;
				GCC_WARN_64_TO_32_BIT_CONVERSION = YES;
				GCC_WARN_ABOUT_RETURN_TYPE = YES_ERROR;
				GCC_WARN_UNDECLARED_SELECTOR = YES;
				GCC_WARN_UNINITIALIZED_AUTOS = YES_AGGRESSIVE;
				GCC_WARN_UNUSED_FUNCTION = YES;
				GCC_WARN_UNUSED_VARIABLE = YES;
				IPHONEOS_DEPLOYMENT_TARGET = 9.0;
				MTL_ENABLE_DEBUG_INFO = NO;
				SDKROOT = iphoneos;
				VALIDATE_PRODUCT = YES;
			};
			name = Release;
		};
		CB74F1021BBACB9600D84E1D /* Debug */ = {
			isa = XCBuildConfiguration;
			buildSettings = {
				ASSETCATALOG_COMPILER_APPICON_NAME = AppIcon;
				INFOPLIST_FILE = "全球平行进口/Info.plist";
				LD_RUNPATH_SEARCH_PATHS = "$(inherited) @executable_path/Frameworks";
				OTHER_SWIFT_FLAGS = "";
				PRODUCT_BUNDLE_IDENTIFIER = "com.538-iOS-Team.------";
				PRODUCT_NAME = "$(TARGET_NAME)";
				SWIFT_OBJC_BRIDGING_HEADER = "全球平行进口/第三方库/Bridging-Header.h";
			};
			name = Debug;
		};
		CB74F1031BBACB9600D84E1D /* Release */ = {
			isa = XCBuildConfiguration;
			buildSettings = {
				ASSETCATALOG_COMPILER_APPICON_NAME = AppIcon;
				INFOPLIST_FILE = "全球平行进口/Info.plist";
				LD_RUNPATH_SEARCH_PATHS = "$(inherited) @executable_path/Frameworks";
				OTHER_SWIFT_FLAGS = "";
				PRODUCT_BUNDLE_IDENTIFIER = "com.538-iOS-Team.------";
				PRODUCT_NAME = "$(TARGET_NAME)";
				SWIFT_OBJC_BRIDGING_HEADER = "全球平行进口/第三方库/Bridging-Header.h";
			};
			name = Release;
		};
/* End XCBuildConfiguration section */

/* Begin XCConfigurationList section */
		CB74F0EA1BBACB9600D84E1D /* Build configuration list for PBXProject "全球平行进口" */ = {
			isa = XCConfigurationList;
			buildConfigurations = (
				CB74F0FF1BBACB9600D84E1D /* Debug */,
				CB74F1001BBACB9600D84E1D /* Release */,
			);
			defaultConfigurationIsVisible = 0;
			defaultConfigurationName = Release;
		};
		CB74F1011BBACB9600D84E1D /* Build configuration list for PBXNativeTarget "全球平行进口" */ = {
			isa = XCConfigurationList;
			buildConfigurations = (
				CB74F1021BBACB9600D84E1D /* Debug */,
				CB74F1031BBACB9600D84E1D /* Release */,
			);
			defaultConfigurationIsVisible = 0;
			defaultConfigurationName = Release;
		};
/* End XCConfigurationList section */
	};
	rootObject = CB74F0E71BBACB9600D84E1D /* Project object */;
}
